
Microsoft Visual Studio Solution File, Format Version 12.00
# Visual Studio Version 16
VisualStudioVersion = 16.0.29613.14
MinimumVisualStudioVersion = 10.0.40219.1
Project("{FAE04EC0-301F-11D3-BF4B-00C04F79EFBC}") = "SpeechLibrary", "SpeechLibrary.csproj", "{992B3E0A-A8A3-464B-A151-E7808E42731C}"
EndProject
Project("{FAE04EC0-301F-11D3-BF4B-00C04F79EFBC}") = "TestSpeech", "..\TestSpeech\TestSpeech.csproj", "{BC582C19-B697-49DE-8818-D316A9B2DA24}"
EndProject
Global
	GlobalSection(SolutionConfigurationPlatforms) = preSolution
		Debug|Any CPU = Debug|Any CPU
		Release|Any CPU = Release|Any CPU
	EndGlobalSection
	GlobalSection(ProjectConfigurationPlatforms) = postSolution
		{992B3E0A-A8A3-464B-A151-E7808E42731C}.Debug|Any CPU.ActiveCfg = Debug|x64
		{992B3E0A-A8A3-464B-A151-E7808E42731C}.Debug|Any CPU.Build.0 = Debug|x64
		{992B3E0A-A8A3-464B-A151-E7808E42731C}.Release|Any CPU.ActiveCfg = Release|Any CPU
		{992B3E0A-A8A3-464B-A151-E7808E42731C}.Release|Any CPU.Build.0 = Release|Any CPU
		{BC582C19-B697-49DE-8818-D316A9B2DA24}.Debug|Any CPU.ActiveCfg = Debug|Any CPU
		{BC582C19-B697-49DE-8818-D316A9B2DA24}.Debug|Any CPU.Build.0 = Debug|Any CPU
		{BC582C19-B697-49DE-8818-D316A9B2DA24}.Release|Any CPU.ActiveCfg = Release|Any CPU
		{BC582C19-B697-49DE-8818-D316A9B2DA24}.Release|Any CPU.Build.0 = Release|Any CPU
	EndGlobalSection
	GlobalSection(SolutionProperties) = preSolution
		HideSolutionNode = FALSE
	EndGlobalSection
	GlobalSection(ExtensibilityGlobals) = postSolution
		SolutionGuid = {11546F6D-1C6F-488C-A0D6-84B999F448BA}
	EndGlobalSection
EndGlobal
